Microsoft Visual Studio Solution File, Format Version 12.00
# Visual Studio 2012
Project("{FAE04EC0-301F-11D3-BF4B-00C04F79EFBC}") = "HorrorGame", "HorrorGame.csproj", "{0B402E58-8998-446D-9A61-2347B6ED6481}"
EndProject
Global
	GlobalSection(SolutionConfigurationPlatforms) = preSolution
	Debug|Any CPU = Debug|Any CPU
	ExportDebug|Any CPU = ExportDebug|Any CPU
	ExportRelease|Any CPU = ExportRelease|Any CPU
	EndGlobalSection
	GlobalSection(ProjectConfigurationPlatforms) = postSolution
		{0B402E58-8998-446D-9A61-2347B6ED6481}.Debug|Any CPU.ActiveCfg = Debug|Any CPU
		{0B402E58-8998-446D-9A61-2347B6ED6481}.Debug|Any CPU.Build.0 = Debug|Any CPU
		{0B402E58-8998-446D-9A61-2347B6ED6481}.ExportDebug|Any CPU.ActiveCfg = ExportDebug|Any CPU
		{0B402E58-8998-446D-9A61-2347B6ED6481}.ExportDebug|Any CPU.Build.0 = ExportDebug|Any CPU
		{0B402E58-8998-446D-9A61-2347B6ED6481}.ExportRelease|Any CPU.ActiveCfg = ExportRelease|Any CPU
		{0B402E58-8998-446D-9A61-2347B6ED6481}.ExportRelease|Any CPU.Build.0 = ExportRelease|Any CPU
	EndGlobalSection
EndGlobal
